{
  "requires": true,
  "lockfileVersion": 1,
  "dependencies": {
    "asap": {
      "version": "https://registry.npmjs.org/asap/-/asap-2.0.6.tgz",
      "integrity": "sha1-5QNHYR1+aQlDIIu9r+vLwvuGbUY="
    },
    "aws-sdk": {
      "version": "https://registry.npmjs.org/aws-sdk/-/aws-sdk-2.122.0.tgz",
      "integrity": "sha1-1AmA/bJKB9sWbekcuIE/DcZA18Y=",
      "requires": {
        "buffer": "https://registry.npmjs.org/buffer/-/buffer-4.9.1.tgz",
        "crypto-browserify": "https://registry.npmjs.org/crypto-browserify/-/crypto-browserify-1.0.9.tgz",
        "events": "https://registry.npmjs.org/events/-/events-1.1.1.tgz",
        "jmespath": "https://registry.npmjs.org/jmespath/-/jmespath-0.15.0.tgz",
        "querystring": "https://registry.npmjs.org/querystring/-/querystring-0.2.0.tgz",
        "sax": "https://registry.npmjs.org/sax/-/sax-1.2.1.tgz",
        "url": "https://registry.npmjs.org/url/-/url-0.10.3.tgz",
        "uuid": "https://registry.npmjs.org/uuid/-/uuid-3.0.1.tgz",
        "xml2js": "https://registry.npmjs.org/xml2js/-/xml2js-0.4.17.tgz",
        "xmlbuilder": "https://registry.npmjs.org/xmlbuilder/-/xmlbuilder-4.2.1.tgz"
      }
    },
    "babel-runtime": {
      "version": "https://registry.npmjs.org/babel-runtime/-/babel-runtime-6.26.0.tgz",
      "integrity": "sha1-llxwWGaOgrVde/4E/yM3vItWR/4=",
      "requires": {
        "core-js": "https://registry.npmjs.org/core-js/-/core-js-2.5.1.tgz",
        "regenerator-runtime": "https://registry.npmjs.org/regenerator-runtime/-/regenerator-runtime-0.11.0.tgz"
      },
      "dependencies": {
        "core-js": {
          "version": "https://registry.npmjs.org/core-js/-/core-js-2.5.1.tgz",
          "integrity": "sha1-rmh03GaTd4m4B1T/VCjfZoGcpQs="
        }
      }
    },
    "base64-js": {
      "version": "https://registry.npmjs.org/base64-js/-/base64-js-1.2.1.tgz",
      "integrity": "sha1-qRlH2h9KUW6jjltOwOw3c2deCIY="
    },
    "buffer": {
      "version": "https://registry.npmjs.org/buffer/-/buffer-4.9.1.tgz",
      "integrity": "sha1-bRu2AbB6TvztlwlBMgkwJ8lbwpg=",
      "requires": {
        "base64-js": "https://registry.npmjs.org/base64-js/-/base64-js-1.2.1.tgz",
        "ieee754": "https://registry.npmjs.org/ieee754/-/ieee754-1.1.8.tgz",
        "isarray": "https://registry.npmjs.org/isarray/-/isarray-1.0.0.tgz"
      }
    },
    "core-js": {
      "version": "https://registry.npmjs.org/core-js/-/core-js-1.2.7.tgz",
      "integrity": "sha1-ZSKUwUZR2yj6k70tX/KYOk8IxjY="
    },
    "create-react-class": {
      "version": "https://registry.npmjs.org/create-react-class/-/create-react-class-15.6.0.tgz",
      "integrity": "sha1-q0SEl8JlZuHilBPogyB9V8/nvtQ=",
      "requires": {
        "fbjs": "https://registry.npmjs.org/fbjs/-/fbjs-0.8.15.tgz",
        "loose-envify": "https://registry.npmjs.org/loose-envify/-/loose-envify-1.3.1.tgz",
        "object-assign": "https://registry.npmjs.org/object-assign/-/object-assign-4.1.1.tgz"
      }
    },
    "crypto-browserify": {
      "version": "https://registry.npmjs.org/crypto-browserify/-/crypto-browserify-1.0.9.tgz",
      "integrity": "sha1-zFRJaF37hesRyYKKzHy4erW7/MA="
    },
    "dom-helpers": {
      "version": "https://registry.npmjs.org/dom-helpers/-/dom-helpers-3.2.1.tgz",
      "integrity": "sha1-MgPgf+0he9H0JLAZc1WC/Deyglo="
    },
    "encoding": {
      "version": "https://registry.npmjs.org/encoding/-/encoding-0.1.12.tgz",
      "integrity": "sha1-U4tm8+5izRq1HsMjgp0flIDHS+s=",
      "requires": {
        "iconv-lite": "https://registry.npmjs.org/iconv-lite/-/iconv-lite-0.4.19.tgz"
      }
    },
    "events": {
      "version": "https://registry.npmjs.org/events/-/events-1.1.1.tgz",
      "integrity": "sha1-nr23Y1rQmccNzEwqH1AEKI6L2SQ="
    },
    "fbjs": {
      "version": "https://registry.npmjs.org/fbjs/-/fbjs-0.8.15.tgz",
      "integrity": "sha1-TwaV/fzBbDfAsH+s7Iy0xAkWhbk=",
      "requires": {
        "core-js": "https://registry.npmjs.org/core-js/-/core-js-1.2.7.tgz",
        "isomorphic-fetch": "https://registry.npmjs.org/isomorphic-fetch/-/isomorphic-fetch-2.2.1.tgz",
        "loose-envify": "https://registry.npmjs.org/loose-envify/-/loose-envify-1.3.1.tgz",
        "object-assign": "https://registry.npmjs.org/object-assign/-/object-assign-4.1.1.tgz",
        "promise": "https://registry.npmjs.org/promise/-/promise-7.3.1.tgz",
        "setimmediate": "https://registry.npmjs.org/setimmediate/-/setimmediate-1.0.5.tgz",
        "ua-parser-js": "https://registry.npmjs.org/ua-parser-js/-/ua-parser-js-0.7.14.tgz"
      }
    },
    "iconv-lite": {
      "version": "https://registry.npmjs.org/iconv-lite/-/iconv-lite-0.4.19.tgz",
      "integrity": "sha1-90aPYBNfXl2tM5nAqBvpoWA6CCs="
    },
    "ieee754": {
      "version": "https://registry.npmjs.org/ieee754/-/ieee754-1.1.8.tgz",
      "integrity": "sha1-vjPUCsEO8ZJnAfbwii2G+/0a0+Q="
    },
    "is-stream": {
      "version": "https://registry.npmjs.org/is-stream/-/is-stream-1.1.0.tgz",
      "integrity": "sha1-EtSj3U5o4Lec6428hBc66A2RykQ="
    },
    "isarray": {
      "version": "https://registry.npmjs.org/isarray/-/isarray-1.0.0.tgz",
      "integrity": "sha1-u5NdSFgsuhaMBoNJV6VKPgcSTxE="
    },
    "isomorphic-fetch": {
      "version": "https://registry.npmjs.org/isomorphic-fetch/-/isomorphic-fetch-2.2.1.tgz",
      "integrity": "sha1-YRrhrPFPXoH3KVB0coGf6XM1WKk=",
      "requires": {
        "node-fetch": "https://registry.npmjs.org/node-fetch/-/node-fetch-1.7.3.tgz",
        "whatwg-fetch": "https://registry.npmjs.org/whatwg-fetch/-/whatwg-fetch-2.0.3.tgz"
      }
    },
    "jmespath": {
      "version": "https://registry.npmjs.org/jmespath/-/jmespath-0.15.0.tgz",
      "integrity": "sha1-o/Iiqarp+Wb10nx5ZRDigJF2Qhc="
    },
    "js-tokens": {
      "version": "https://registry.npmjs.org/js-tokens/-/js-tokens-3.0.2.tgz",
      "integrity": "sha1-mGbfOVECEw449/mWvOtlRDIJwls="
    },
    "keycode": {
      "version": "https://registry.npmjs.org/keycode/-/keycode-2.1.9.tgz",
      "integrity": "sha1-lkojxU5IiUBbSGGlyfBIDUUUHfo="
    },
    "lodash": {
      "version": "https://registry.npmjs.org/lodash/-/lodash-4.17.4.tgz",
      "integrity": "sha1-eCA6TRwyiuHYbcpkYONptX9AVa4="
    },
    "loose-envify": {
      "version": "https://registry.npmjs.org/loose-envify/-/loose-envify-1.3.1.tgz",
      "integrity": "sha1-0aitM/qc4OcT1l/dCsi3SNR4yEg=",
      "requires": {
        "js-tokens": "https://registry.npmjs.org/js-tokens/-/js-tokens-3.0.2.tgz"
      }
    },
    "node-fetch": {
      "version": "https://registry.npmjs.org/node-fetch/-/node-fetch-1.7.3.tgz",
      "integrity": "sha1-mA9vcthSEaU0fGsrwYxbhMPrR+8=",
      "requires": {
        "encoding": "https://registry.npmjs.org/encoding/-/encoding-0.1.12.tgz",
        "is-stream": "https://registry.npmjs.org/is-stream/-/is-stream-1.1.0.tgz"
      }
    },
    "object-assign": {
      "version": "https://registry.npmjs.org/object-assign/-/object-assign-4.1.1.tgz",
      "integrity": "sha1-IQmtx5ZYh8/AXLvUQsrIv7s2CGM="
    },
    "performance-now": {
      "version": "https://registry.npmjs.org/performance-now/-/performance-now-0.2.0.tgz",
      "integrity": "sha1-M+8wxcd9TqIcWlOGnZG1bY8lVeU="
    },
    "promise": {
      "version": "https://registry.npmjs.org/promise/-/promise-7.3.1.tgz",
      "integrity": "sha1-BktyYCsY+Q8pGSuLG8QY/9Hr078=",
      "requires": {
        "asap": "https://registry.npmjs.org/asap/-/asap-2.0.6.tgz"
      }
    },
    "prop-types": {
      "version": "https://registry.npmjs.org/prop-types/-/prop-types-15.5.10.tgz",
      "integrity": "sha1-J5ffwxJhguOpXj37suiT3ddFYVQ=",
      "requires": {
        "fbjs": "https://registry.npmjs.org/fbjs/-/fbjs-0.8.15.tgz",
        "loose-envify": "https://registry.npmjs.org/loose-envify/-/loose-envify-1.3.1.tgz"
      }
    },
    "punycode": {
      "version": "https://registry.npmjs.org/punycode/-/punycode-1.3.2.tgz",
      "integrity": "sha1-llOgNvt8HuQjQvIyXM7v6jkmxI0="
    },
    "querystring": {
      "version": "https://registry.npmjs.org/querystring/-/querystring-0.2.0.tgz",
      "integrity": "sha1-sgmEkgO7Jd+CDadW50cAWHhSFiA="
    },
    "raf": {
      "version": "https://registry.npmjs.org/raf/-/raf-3.3.2.tgz",
      "integrity": "sha1-DBO+C1tJtG921maSSNUnzysC/ic=",
      "requires": {
        "performance-now": "https://registry.npmjs.org/performance-now/-/performance-now-2.1.0.tgz"
      },
      "dependencies": {
        "performance-now": {
          "version": "https://registry.npmjs.org/performance-now/-/performance-now-2.1.0.tgz",
          "integrity": "sha1-Ywn04OX6kT7BxpMHrjZLSzd8nns="
        }
      }
    },
    "react": {
      "version": "https://registry.npmjs.org/react/-/react-15.6.1.tgz",
      "integrity": "sha1-uqhDTsZ4C96ZfNw4C3nNM7ljk98=",
      "requires": {
        "create-react-class": "https://registry.npmjs.org/create-react-class/-/create-react-class-15.6.0.tgz",
        "fbjs": "https://registry.npmjs.org/fbjs/-/fbjs-0.8.15.tgz",
        "loose-envify": "https://registry.npmjs.org/loose-envify/-/loose-envify-1.3.1.tgz",
        "object-assign": "https://registry.npmjs.org/object-assign/-/object-assign-4.1.1.tgz",
        "prop-types": "https://registry.npmjs.org/prop-types/-/prop-types-15.5.10.tgz"
      }
    },
    "react-event-listener": {
      "version": "https://registry.npmjs.org/react-event-listener/-/react-event-listener-0.5.0.tgz",
      "integrity": "sha1-2CEFE1Vz4Yfj2QDRgVCliCMEuNE=",
      "requires": {
        "babel-runtime": "https://registry.npmjs.org/babel-runtime/-/babel-runtime-6.26.0.tgz",
        "fbjs": "https://registry.npmjs.org/fbjs/-/fbjs-0.8.15.tgz",
        "prop-types": "https://registry.npmjs.org/prop-types/-/prop-types-15.5.10.tgz",
        "warning": "https://registry.npmjs.org/warning/-/warning-3.0.0.tgz"
      }
    },
    "react-motion": {
      "version": "https://registry.npmjs.org/react-motion/-/react-motion-0.5.1.tgz",
      "integrity": "sha1-uQYxQIF1qxZo4XPKzNZtQaRPRZI=",
      "requires": {
        "performance-now": "https://registry.npmjs.org/performance-now/-/performance-now-0.2.0.tgz",
        "prop-types": "https://registry.npmjs.org/prop-types/-/prop-types-15.5.10.tgz",
        "raf": "https://registry.npmjs.org/raf/-/raf-3.3.2.tgz"
      }
    },
    "react-swipeable-views": {
      "version": "https://registry.npmjs.org/react-swipeable-views/-/react-swipeable-views-0.12.8.tgz",
      "integrity": "sha1-hUHaq1iBBn5YKB0eb/E4Fa6U6/U=",
      "requires": {
        "babel-runtime": "https://registry.npmjs.org/babel-runtime/-/babel-runtime-6.26.0.tgz",
        "dom-helpers": "https://registry.npmjs.org/dom-helpers/-/dom-helpers-3.2.1.tgz",
        "prop-types": "https://registry.npmjs.org/prop-types/-/prop-types-15.5.10.tgz",
        "react-swipeable-views-core": "https://registry.npmjs.org/react-swipeable-views-core/-/react-swipeable-views-core-0.12.8.tgz",
        "react-swipeable-views-utils": "https://registry.npmjs.org/react-swipeable-views-utils/-/react-swipeable-views-utils-0.12.8.tgz",
        "warning": "https://registry.npmjs.org/warning/-/warning-3.0.0.tgz"
      }
    },
    "react-swipeable-views-core": {
      "version": "https://registry.npmjs.org/react-swipeable-views-core/-/react-swipeable-views-core-0.12.8.tgz",
      "integrity": "sha1-mUYGIeWm2gf7SColsVGQWuenl6k=",
      "requires": {
        "babel-runtime": "https://registry.npmjs.org/babel-runtime/-/babel-runtime-6.26.0.tgz",
        "warning": "https://registry.npmjs.org/warning/-/warning-3.0.0.tgz"
      }
    },
    "react-swipeable-views-utils": {
      "version": "https://registry.npmjs.org/react-swipeable-views-utils/-/react-swipeable-views-utils-0.12.8.tgz",
      "integrity": "sha1-lIP8fdNwAy8vk6xE8qKRPXxSqkE=",
      "requires": {
        "babel-runtime": "https://registry.npmjs.org/babel-runtime/-/babel-runtime-6.26.0.tgz",
        "fbjs": "https://registry.npmjs.org/fbjs/-/fbjs-0.8.15.tgz",
        "keycode": "https://registry.npmjs.org/keycode/-/keycode-2.1.9.tgz",
        "prop-types": "https://registry.npmjs.org/prop-types/-/prop-types-15.5.10.tgz",
        "react-event-listener": "https://registry.npmjs.org/react-event-listener/-/react-event-listener-0.5.0.tgz",
        "react-swipeable-views-core": "https://registry.npmjs.org/react-swipeable-views-core/-/react-swipeable-views-core-0.12.8.tgz"
      }
    },
    "regenerator-runtime": {
      "version": "https://registry.npmjs.org/regenerator-runtime/-/regenerator-runtime-0.11.0.tgz",
      "integrity": "sha1-flT+W1zNXWYk6mJVw0c74JC4AuE="
    },
    "sax": {
      "version": "https://registry.npmjs.org/sax/-/sax-1.2.1.tgz",
      "integrity": "sha1-e45lYZCyKOgaZq6nSEgNgozS03o="
    },
    "setimmediate": {
      "version": "https://registry.npmjs.org/setimmediate/-/setimmediate-1.0.5.tgz",
      "integrity": "sha1-KQy7Iy4waULX1+qbg3Mqt4VvgoU="
    },
    "ua-parser-js": {
      "version": "https://registry.npmjs.org/ua-parser-js/-/ua-parser-js-0.7.14.tgz",
      "integrity": "sha1-EQ1T+kw/MmwSEpK76skE0uAzh8o="
    },
    "url": {
      "version": "https://registry.npmjs.org/url/-/url-0.10.3.tgz",
      "integrity": "sha1-Ah5NnHcF8hu/N9A861h2dAJ3TGQ=",
      "requires": {
        "punycode": "https://registry.npmjs.org/punycode/-/punycode-1.3.2.tgz",
        "querystring": "https://registry.npmjs.org/querystring/-/querystring-0.2.0.tgz"
      }
    },
    "uuid": {
      "version": "https://registry.npmjs.org/uuid/-/uuid-3.0.1.tgz",
      "integrity": "sha1-ZUS7ot/ajBzxfmKaOjBeK7H+5sE="
    },
    "warning": {
      "version": "https://registry.npmjs.org/warning/-/warning-3.0.0.tgz",
      "integrity": "sha1-MuU3fLVy3kqwR1O9+IIcAe1gW3w=",
      "requires": {
        "loose-envify": "https://registry.npmjs.org/loose-envify/-/loose-envify-1.3.1.tgz"
      }
    },
    "whatwg-fetch": {
      "version": "https://registry.npmjs.org/whatwg-fetch/-/whatwg-fetch-2.0.3.tgz",
      "integrity": "sha1-nITsLc9oGH/wC8ZOEnS0QhduHIQ="
    },
    "xml2js": {
      "version": "https://registry.npmjs.org/xml2js/-/xml2js-0.4.17.tgz",
      "integrity": "sha1-F76T6q4/O3eTWceVtBlwWogX6Gg=",
      "requires": {
        "sax": "https://registry.npmjs.org/sax/-/sax-1.2.1.tgz",
        "xmlbuilder": "https://registry.npmjs.org/xmlbuilder/-/xmlbuilder-4.2.1.tgz"
      }
    },
    "xmlbuilder": {
      "version": "https://registry.npmjs.org/xmlbuilder/-/xmlbuilder-4.2.1.tgz",
      "integrity": "sha1-qlijBBoGb5DqoWwvU4n/GfP0YaU=",
      "requires": {
        "lodash": "https://registry.npmjs.org/lodash/-/lodash-4.17.4.tgz"
      }
    }
  }
}
